{
  "nodes": {
    "home-manager": {
      "inputs": {
        "nixpkgs": [
          "nixpkgs"
        ]
      },
      "locked": {
        "lastModified": 1781043330,
        "narHash": "sha256-eApJsGv0lSn8OKqcBQJDFZI6Jg8coS7M8urNo3cVl9U=",
        "owner": "nix-community",
        "repo": "home-manager",
        "rev": "bd4277722d215970366a405d280301a796a364fc",
        "type": "github"
      },
      "original": {
        "owner": "nix-community",
        "repo": "home-manager",
        "type": "github"
      }
    },
    "nixpkgs": {
      "locked": {
        "lastModified": 1781050242,
        "narHash": "sha256-zTIq20Za8rtCqsgu/TRpWYSircuSd0ryswd5EXvudR0=",
        "owner": "NixOS",
        "repo": "nixpkgs",
        "rev": "ba9b18de0b8d0a54d3e609bcc93ef3e4fa91e7ce",
        "type": "github"
      },
      "original": {
        "owner": "NixOS",
        "ref": "master",
        "repo": "nixpkgs",
        "type": "github"
      }
    },
    "root": {
      "inputs": {
        "home-manager": "home-manager",
        "nixpkgs": "nixpkgs"
      }
    }
  },
  "root": "root",
  "version": 7
}
